{
	"name": "Quiver",
	"lockfileVersion": 3,
	"requires": true,
	"packages": {
		"": {
			"devDependencies": {
				"luabundle": "^1.7.0"
			},
			"engines": {
				"node": ">= 22.4.1"
			}
		},
		"node_modules/luabundle": {
			"version": "1.7.0",
			"resolved": "https://registry.npmjs.org/luabundle/-/luabundle-1.7.0.tgz",
			"integrity": "sha512-0tyADkfCSXLgj3MEikZ0+aE/ZxRrCZhat1k8yPOeN7cE+rublHMma1AtEXHdHpXMk7RCl6OECFWMDKf1d70Pgw==",
			"dev": true,
			"license": "MIT",
			"dependencies": {
				"moonsharp-luaparse": "^0.2.4"
			},
			"engines": {
				"node": ">=8.0.0"
			}
		},
		"node_modules/moonsharp-luaparse": {
			"version": "0.2.4",
			"resolved": "https://registry.npmjs.org/moonsharp-luaparse/-/moonsharp-luaparse-0.2.4.tgz",
			"integrity": "sha512-1bkZPHRVJhCzt681KnFxWB5fYQlmcOZuBAlzdcsdTSjDfL//sqjcH2L2bbbgxf/l5s1krpGL8Ba7twT7mdj91Q==",
			"dev": true,
			"license": "MIT",
			"bin": {
				"moonsharp-luaparse": "bin/luaparse"
			}
		}
	}
}
